// !$*UTF8*$!
{
	archiveVersion = 1;
	classes = {
	};
	objectVersion = 56;
	objects = {

/* Begin PBXBuildFile section */
		8D2CAC822BD25706000060B3 /* EmojiView.swift in Sources */ = {isa = PBXBuildFile; fileRef = 8D2CAC812BD25706000060B3 /* EmojiView.swift */; };
		8DEE1D7B2C787FAA000C807E /* Launch Screen.storyboard in Resources */ = {isa = PBXBuildFile; fileRef = 8DEE1D7A2C787FAA000C807E /* Launch Screen.storyboard */; };
		8DFEC57D2BCD39C7009263FD /* AppDelegate.swift in Sources */ = {isa = PBXBuildFile; fileRef = 8DFEC57C2BCD39C7009263FD /* AppDelegate.swift */; };
		8DFEC57F2BCD39C7009263FD /* SceneDelegate.swift in Sources */ = {isa = PBXBuildFile; fileRef = 8DFEC57E2BCD39C7009263FD /* SceneDelegate.swift */; };
		8DFEC5812BCD39C7009263FD /* AnimationViewController.swift in Sources */ = {isa = PBXBuildFile; fileRef = 8DFEC5802BCD39C7009263FD /* AnimationViewController.swift */; };
		8DFEC5862BCD39C8009263FD /* Assets.xcassets in Resources */ = {isa = PBXBuildFile; fileRef = 8DFEC5852BCD39C8009263FD /* Assets.xcassets */; };
		8DFEC5AD2BCD3B66009263FD /* CustomCircleView.swift in Sources */ = {isa = PBXBuildFile; fileRef = 8DFEC5AC2BCD3B66009263FD /* CustomCircleView.swift */; };
		8DFEC5AF2BCD5E7E009263FD /* TopicsTableViewController.swift in Sources */ = {isa = PBXBuildFile; fileRef = 8DFEC5AE2BCD5E7E009263FD /* TopicsTableViewController.swift */; };
		8DFEC5B32BCD6698009263FD /* EmojiViewController.swift in Sources */ = {isa = PBXBuildFile; fileRef = 8DFEC5B22BCD6698009263FD /* EmojiViewController.swift */; };
/* End PBXBuildFile section */

/* Begin PBXContainerItemProxy section */
		8DFEC5902BCD39C9009263FD /* PBXContainerItemProxy */ = {
			isa = PBXContainerItemProxy;
			containerPortal = 8DFEC5712BCD39C7009263FD /* Project object */;
			proxyType = 1;
			remoteGlobalIDString = 8DFEC5782BCD39C7009263FD;
			remoteInfo = AnimationTestApp;
		};
		8DFEC59A2BCD39C9009263FD /* PBXContainerItemProxy */ = {
			isa = PBXContainerItemProxy;
			containerPortal = 8DFEC5712BCD39C7009263FD /* Project object */;
			proxyType = 1;
			remoteGlobalIDString = 8DFEC5782BCD39C7009263FD;
			remoteInfo = AnimationTestApp;
		};
/* End PBXContainerItemProxy section */

/* Begin PBXFileReference section */
		8D2CAC812BD25706000060B3 /* EmojiView.swift */ = {isa = PBXFileReference; lastKnownFileType = sourcecode.swift; path = EmojiView.swift; sourceTree = "<group>"; };
		8DEE1D7A2C787FAA000C807E /* Launch Screen.storyboard */ = {isa = PBXFileReference; lastKnownFileType = file.storyboard; path = "Launch Screen.storyboard"; sourceTree = "<group>"; };
		8DFEC5792BCD39C7009263FD /* AnimationTestApp.app */ = {isa = PBXFileReference; explicitFileType = wrapper.application; includeInIndex = 0; path = AnimationTestApp.app; sourceTree = BUILT_PRODUCTS_DIR; };
		8DFEC57C2BCD39C7009263FD /* AppDelegate.swift */ = {isa = PBXFileReference; lastKnownFileType = sourcecode.swift; path = AppDelegate.swift; sourceTree = "<group>"; };
		8DFEC57E2BCD39C7009263FD /* SceneDelegate.swift */ = {isa = PBXFileReference; lastKnownFileType = sourcecode.swift; path = SceneDelegate.swift; sourceTree = "<group>"; };
		8DFEC5802BCD39C7009263FD /* AnimationViewController.swift */ = {isa = PBXFileReference; lastKnownFileType = sourcecode.swift; path = AnimationViewController.swift; sourceTree = "<group>"; };
		8DFEC5852BCD39C8009263FD /* Assets.xcassets */ = {isa = PBXFileReference; lastKnownFileType = folder.assetcatalog; path = Assets.xcassets; sourceTree = "<group>"; };
		8DFEC58A2BCD39C8009263FD /* Info.plist */ = {isa = PBXFileReference; lastKnownFileType = text.plist.xml; path = Info.plist; sourceTree = "<group>"; };
		8DFEC58F2BCD39C9009263FD /* AnimationTestAppTests.xctest */ = {isa = PBXFileReference; explicitFileType = wrapper.cfbundle; includeInIndex = 0; path = AnimationTestAppTests.xctest; sourceTree = BUILT_PRODUCTS_DIR; };
		8DFEC5992BCD39C9009263FD /* AnimationTestAppUITests.xctest */ = {isa = PBXFileReference; explicitFileType = wrapper.cfbundle; includeInIndex = 0; path = AnimationTestAppUITests.xctest; sourceTree = BUILT_PRODUCTS_DIR; };
		8DFEC5AC2BCD3B66009263FD /* CustomCircleView.swift */ = {isa = PBXFileReference; lastKnownFileType = sourcecode.swift; path = CustomCircleView.swift; sourceTree = "<group>"; };
		8DFEC5AE2BCD5E7E009263FD /* TopicsTableViewController.swift */ = {isa = PBXFileReference; lastKnownFileType = sourcecode.swift; path = TopicsTableViewController.swift; sourceTree = "<group>"; };
		8DFEC5B22BCD6698009263FD /* EmojiViewController.swift */ = {isa = PBXFileReference; lastKnownFileType = sourcecode.swift; path = EmojiViewController.swift; sourceTree = "<group>"; };
/* End PBXFileReference section */

/* Begin PBXFrameworksBuildPhase section */
		8DFEC5762BCD39C7009263FD /* Frameworks */ = {
			isa = PBXFrameworksBuildPhase;
			buildActionMask = 2147483647;
			files = (
			);
			runOnlyForDeploymentPostprocessing = 0;
		};
		8DFEC58C2BCD39C9009263FD /* Frameworks */ = {
			isa = PBXFrameworksBuildPhase;
			buildActionMask = 2147483647;
			files = (
			);
			runOnlyForDeploymentPostprocessing = 0;
		};
		8DFEC5962BCD39C9009263FD /* Frameworks */ = {
			isa = PBXFrameworksBuildPhase;
			buildActionMask = 2147483647;
			files = (
			);
			runOnlyForDeploymentPostprocessing = 0;
		};
/* End PBXFrameworksBuildPhase section */

/* Begin PBXGroup section */
		8D2CAC7E2BD2511A000060B3 /* EmojiViewController */ = {
			isa = PBXGroup;
			children = (
				8DFEC5B22BCD6698009263FD /* EmojiViewController.swift */,
				8D2CAC812BD25706000060B3 /* EmojiView.swift */,
			);
			path = EmojiViewController;
			sourceTree = "<group>";
		};
		8DFEC5702BCD39C7009263FD = {
			isa = PBXGroup;
			children = (
				8DEE1D7A2C787FAA000C807E /* Launch Screen.storyboard */,
				8DFEC57B2BCD39C7009263FD /* AnimationTestApp */,
				8DFEC57A2BCD39C7009263FD /* Products */,
			);
			sourceTree = "<group>";
		};
		8DFEC57A2BCD39C7009263FD /* Products */ = {
			isa = PBXGroup;
			children = (
				8DFEC5792BCD39C7009263FD /* AnimationTestApp.app */,
				8DFEC58F2BCD39C9009263FD /* AnimationTestAppTests.xctest */,
				8DFEC5992BCD39C9009263FD /* AnimationTestAppUITests.xctest */,
			);
			name = Products;
			sourceTree = "<group>";
		};
		8DFEC57B2BCD39C7009263FD /* AnimationTestApp */ = {
			isa = PBXGroup;
			children = (
				8D2CAC7E2BD2511A000060B3 /* EmojiViewController */,
				8DFEC57C2BCD39C7009263FD /* AppDelegate.swift */,
				8DFEC57E2BCD39C7009263FD /* SceneDelegate.swift */,
				8DFEC5802BCD39C7009263FD /* AnimationViewController.swift */,
				8DFEC5852BCD39C8009263FD /* Assets.xcassets */,
				8DFEC58A2BCD39C8009263FD /* Info.plist */,
				8DFEC5AC2BCD3B66009263FD /* CustomCircleView.swift */,
				8DFEC5AE2BCD5E7E009263FD /* TopicsTableViewController.swift */,
			);
			path = AnimationTestApp;
			sourceTree = "<group>";
		};
/* End PBXGroup section */

/* Begin PBXNativeTarget section */
		8DFEC5782BCD39C7009263FD /* AnimationTestApp */ = {
			isa = PBXNativeTarget;
			buildConfigurationList = 8DFEC5A32BCD39C9009263FD /* Build configuration list for PBXNativeTarget "AnimationTestApp" */;
			buildPhases = (
				8DFEC5752BCD39C7009263FD /* Sources */,
				8DFEC5762BCD39C7009263FD /* Frameworks */,
				8DFEC5772BCD39C7009263FD /* Resources */,
			);
			buildRules = (
			);
			dependencies = (
			);
			name = AnimationTestApp;
			productName = AnimationTestApp;
			productReference = 8DFEC5792BCD39C7009263FD /* AnimationTestApp.app */;
			productType = "com.apple.product-type.application";
		};
		8DFEC58E2BCD39C9009263FD /* AnimationTestAppTests */ = {
			isa = PBXNativeTarget;
			buildConfigurationList = 8DFEC5A62BCD39C9009263FD /* Build configuration list for PBXNativeTarget "AnimationTestAppTests" */;
			buildPhases = (
				8DFEC58B2BCD39C9009263FD /* Sources */,
				8DFEC58C2BCD39C9009263FD /* Frameworks */,
				8DFEC58D2BCD39C9009263FD /* Resources */,
			);
			buildRules = (
			);
			dependencies = (
				8DFEC5912BCD39C9009263FD /* PBXTargetDependency */,
			);
			name = AnimationTestAppTests;
			productName = AnimationTestAppTests;
			productReference = 8DFEC58F2BCD39C9009263FD /* AnimationTestAppTests.xctest */;
			productType = "com.apple.product-type.bundle.unit-test";
		};
		8DFEC5982BCD39C9009263FD /* AnimationTestAppUITests */ = {
			isa = PBXNativeTarget;
			buildConfigurationList = 8DFEC5A92BCD39C9009263FD /* Build configuration list for PBXNativeTarget "AnimationTestAppUITests" */;
			buildPhases = (
				8DFEC5952BCD39C9009263FD /* Sources */,
				8DFEC5962BCD39C9009263FD /* Frameworks */,
				8DFEC5972BCD39C9009263FD /* Resources */,
			);
			buildRules = (
			);
			dependencies = (
				8DFEC59B2BCD39C9009263FD /* PBXTargetDependency */,
			);
			name = AnimationTestAppUITests;
			productName = AnimationTestAppUITests;
			productReference = 8DFEC5992BCD39C9009263FD /* AnimationTestAppUITests.xctest */;
			productType = "com.apple.product-type.bundle.ui-testing";
		};
/* End PBXNativeTarget section */

/* Begin PBXProject section */
		8DFEC5712BCD39C7009263FD /* Project object */ = {
			isa = PBXProject;
			attributes = {
				BuildIndependentTargetsInParallel = 1;
				LastSwiftUpdateCheck = 1510;
				LastUpgradeCheck = 1510;
				TargetAttributes = {
					8DFEC5782BCD39C7009263FD = {
						CreatedOnToolsVersion = 15.1;
					};
					8DFEC58E2BCD39C9009263FD = {
						CreatedOnToolsVersion = 15.1;
						TestTargetID = 8DFEC5782BCD39C7009263FD;
					};
					8DFEC5982BCD39C9009263FD = {
						CreatedOnToolsVersion = 15.1;
						TestTargetID = 8DFEC5782BCD39C7009263FD;
					};
				};
			};
			buildConfigurationList = 8DFEC5742BCD39C7009263FD /* Build configuration list for PBXProject "AnimationTestApp" */;
			compatibilityVersion = "Xcode 14.0";
			developmentRegion = en;
			hasScannedForEncodings = 0;
			knownRegions = (
				en,
				Base,
			);
			mainGroup = 8DFEC5702BCD39C7009263FD;
			productRefGroup = 8DFEC57A2BCD39C7009263FD /* Products */;
			projectDirPath = "";
			projectRoot = "";
			targets = (
				8DFEC5782BCD39C7009263FD /* AnimationTestApp */,
				8DFEC58E2BCD39C9009263FD /* AnimationTestAppTests */,
				8DFEC5982BCD39C9009263FD /* AnimationTestAppUITests */,
			);
		};
/* End PBXProject section */

/* Begin PBXResourcesBuildPhase section */
		8DFEC5772BCD39C7009263FD /* Resources */ = {
			isa = PBXResourcesBuildPhase;
			buildActionMask = 2147483647;
			files = (
				8DEE1D7B2C787FAA000C807E /* Launch Screen.storyboard in Resources */,
				8DFEC5862BCD39C8009263FD /* Assets.xcassets in Resources */,
			);
			runOnlyForDeploymentPostprocessing = 0;
		};
		8DFEC58D2BCD39C9009263FD /* Resources */ = {
			isa = PBXResourcesBuildPhase;
			buildActionMask = 2147483647;
			files = (
			);
			runOnlyForDeploymentPostprocessing = 0;
		};
		8DFEC5972BCD39C9009263FD /* Resources */ = {
			isa = PBXResourcesBuildPhase;
			buildActionMask = 2147483647;
			files = (
			);
			runOnlyForDeploymentPostprocessing = 0;
		};
/* End PBXResourcesBuildPhase section */

/* Begin PBXSourcesBuildPhase section */
		8DFEC5752BCD39C7009263FD /* Sources */ = {
			isa = PBXSourcesBuildPhase;
			buildActionMask = 2147483647;
			files = (
				8DFEC5AF2BCD5E7E009263FD /* TopicsTableViewController.swift in Sources */,
				8D2CAC822BD25706000060B3 /* EmojiView.swift in Sources */,
				8DFEC5812BCD39C7009263FD /* AnimationViewController.swift in Sources */,
				8DFEC5AD2BCD3B66009263FD /* CustomCircleView.swift in Sources */,
				8DFEC5B32BCD6698009263FD /* EmojiViewController.swift in Sources */,
				8DFEC57D2BCD39C7009263FD /* AppDelegate.swift in Sources */,
				8DFEC57F2BCD39C7009263FD /* SceneDelegate.swift in Sources */,
			);
			runOnlyForDeploymentPostprocessing = 0;
		};
		8DFEC58B2BCD39C9009263FD /* Sources */ = {
			isa = PBXSourcesBuildPhase;
			buildActionMask = 2147483647;
			files = (
			);
			runOnlyForDeploymentPostprocessing = 0;
		};
		8DFEC5952BCD39C9009263FD /* Sources */ = {
			isa = PBXSourcesBuildPhase;
			buildActionMask = 2147483647;
			files = (
			);
			runOnlyForDeploymentPostprocessing = 0;
		};
/* End PBXSourcesBuildPhase section */

/* Begin PBXTargetDependency section */
		8DFEC5912BCD39C9009263FD /* PBXTargetDependency */ = {
			isa = PBXTargetDependency;
			target = 8DFEC5782BCD39C7009263FD /* AnimationTestApp */;
			targetProxy = 8DFEC5902BCD39C9009263FD /* PBXContainerItemProxy */;
		};
		8DFEC59B2BCD39C9009263FD /* PBXTargetDependency */ = {
			isa = PBXTargetDependency;
			target = 8DFEC5782BCD39C7009263FD /* AnimationTestApp */;
			targetProxy = 8DFEC59A2BCD39C9009263FD /* PBXContainerItemProxy */;
		};
/* End PBXTargetDependency section */

/* Begin XCBuildConfiguration section */
		8DFEC5A12BCD39C9009263FD /* Debug */ = {
			isa = XCBuildConfiguration;
			buildSettings = {
				ALWAYS_SEARCH_USER_PATHS = NO;
				ASSETCATALOG_COMPILER_GENERATE_SWIFT_ASSET_SYMBOL_EXTENSIONS = YES;
				CLANG_ANALYZER_NONNULL = YES;
				CLANG_ANALYZER_NUMBER_OBJECT_CONVERSION = YES_AGGRESSIVE;
				CLANG_CXX_LANGUAGE_STANDARD = "gnu++20";
				CLANG_ENABLE_MODULES = YES;
				CLANG_ENABLE_OBJC_ARC = YES;
				CLANG_ENABLE_OBJC_WEAK = YES;
				CLANG_WARN_BLOCK_CAPTURE_AUTORELEASING = YES;
				CLANG_WARN_BOOL_CONVERSION = YES;
				CLANG_WARN_COMMA = YES;
				CLANG_WARN_CONSTANT_CONVERSION = YES;
				CLANG_WARN_DEPRECATED_OBJC_IMPLEMENTATIONS = YES;
				CLANG_WARN_DIRECT_OBJC_ISA_USAGE = YES_ERROR;
				CLANG_WARN_DOCUMENTATION_COMMENTS = YES;
				CLANG_WARN_EMPTY_BODY = YES;
				CLANG_WARN_ENUM_CONVERSION = YES;
				CLANG_WARN_INFINITE_RECURSION = YES;
				CLANG_WARN_INT_CONVERSION = YES;
				CLANG_WARN_NON_LITERAL_NULL_CONVERSION = YES;
				CLANG_WARN_OBJC_IMPLICIT_RETAIN_SELF = YES;
				CLANG_WARN_OBJC_LITERAL_CONVERSION = YES;
				CLANG_WARN_OBJC_ROOT_CLASS = YES_ERROR;
				CLANG_WARN_QUOTED_INCLUDE_IN_FRAMEWORK_HEADER = YES;
				CLANG_WARN_RANGE_LOOP_ANALYSIS = YES;
				CLANG_WARN_STRICT_PROTOTYPES = YES;
				CLANG_WARN_SUSPICIOUS_MOVE = YES;
				CLANG_WARN_UNGUARDED_AVAILABILITY = YES_AGGRESSIVE;
				CLANG_WARN_UNREACHABLE_CODE = YES;
				CLANG_WARN__DUPLICATE_METHOD_MATCH = YES;
				COPY_PHASE_STRIP = NO;
				DEBUG_INFORMATION_FORMAT = dwarf;
				ENABLE_STRICT_OBJC_MSGSEND = YES;
				ENABLE_TESTABILITY = YES;
				ENABLE_USER_SCRIPT_SANDBOXING = YES;
				GCC_C_LANGUAGE_STANDARD = gnu17;
				GCC_DYNAMIC_NO_PIC = NO;
				GCC_NO_COMMON_BLOCKS = YES;
				GCC_OPTIMIZATION_LEVEL = 0;
				GCC_PREPROCESSOR_DEFINITIONS = (
					"DEBUG=1",
					"$(inherited)",
				);
				GCC_WARN_64_TO_32_BIT_CONVERSION = YES;
				GCC_WARN_ABOUT_RETURN_TYPE = YES_ERROR;
				GCC_WARN_UNDECLARED_SELECTOR = YES;
				GCC_WARN_UNINITIALIZED_AUTOS = YES_AGGRESSIVE;
				GCC_WARN_UNUSED_FUNCTION = YES;
				GCC_WARN_UNUSED_VARIABLE = YES;
				IPHONEOS_DEPLOYMENT_TARGET = 17.2;
				LOCALIZATION_PREFERS_STRING_CATALOGS = YES;
				MTL_ENABLE_DEBUG_INFO = INCLUDE_SOURCE;
				MTL_FAST_MATH = YES;
				ONLY_ACTIVE_ARCH = YES;
				SDKROOT = iphoneos;
				SWIFT_ACTIVE_COMPILATION_CONDITIONS = "DEBUG $(inherited)";
				SWIFT_OPTIMIZATION_LEVEL = "-Onone";
			};
			name = Debug;
		};
		8DFEC5A22BCD39C9009263FD /* Release */ = {
			isa = XCBuildConfiguration;
			buildSettings = {
				ALWAYS_SEARCH_USER_PATHS = NO;
				ASSETCATALOG_COMPILER_GENERATE_SWIFT_ASSET_SYMBOL_EXTENSIONS = YES;
				CLANG_ANALYZER_NONNULL = YES;
				CLANG_ANALYZER_NUMBER_OBJECT_CONVERSION = YES_AGGRESSIVE;
				CLANG_CXX_LANGUAGE_STANDARD = "gnu++20";
				CLANG_ENABLE_MODULES = YES;
				CLANG_ENABLE_OBJC_ARC = YES;
				CLANG_ENABLE_OBJC_WEAK = YES;
				CLANG_WARN_BLOCK_CAPTURE_AUTORELEASING = YES;
				CLANG_WARN_BOOL_CONVERSION = YES;
				CLANG_WARN_COMMA = YES;
				CLANG_WARN_CONSTANT_CONVERSION = YES;
				CLANG_WARN_DEPRECATED_OBJC_IMPLEMENTATIONS = YES;
				CLANG_WARN_DIRECT_OBJC_ISA_USAGE = YES_ERROR;
				CLANG_WARN_DOCUMENTATION_COMMENTS = YES;
				CLANG_WARN_EMPTY_BODY = YES;
				CLANG_WARN_ENUM_CONVERSION = YES;
				CLANG_WARN_INFINITE_RECURSION = YES;
				CLANG_WARN_INT_CONVERSION = YES;
				CLANG_WARN_NON_LITERAL_NULL_CONVERSION = YES;
				CLANG_WARN_OBJC_IMPLICIT_RETAIN_SELF = YES;
				CLANG_WARN_OBJC_LITERAL_CONVERSION = YES;
				CLANG_WARN_OBJC_ROOT_CLASS = YES_ERROR;
				CLANG_WARN_QUOTED_INCLUDE_IN_FRAMEWORK_HEADER = YES;
				CLANG_WARN_RANGE_LOOP_ANALYSIS = YES;
				CLANG_WARN_STRICT_PROTOTYPES = YES;
				CLANG_WARN_SUSPICIOUS_MOVE = YES;
				CLANG_WARN_UNGUARDED_AVAILABILITY = YES_AGGRESSIVE;
				CLANG_WARN_UNREACHABLE_CODE = YES;
				CLANG_WARN__DUPLICATE_METHOD_MATCH = YES;
				COPY_PHASE_STRIP = NO;
				DEBUG_INFORMATION_FORMAT = "dwarf-with-dsym";
				ENABLE_NS_ASSERTIONS = NO;
				ENABLE_STRICT_OBJC_MSGSEND = YES;
				ENABLE_USER_SCRIPT_SANDBOXING = YES;
				GCC_C_LANGUAGE_STANDARD = gnu17;
				GCC_NO_COMMON_BLOCKS = YES;
				GCC_WARN_64_TO_32_BIT_CONVERSION = YES;
				GCC_WARN_ABOUT_RETURN_TYPE = YES_ERROR;
				GCC_WARN_UNDECLARED_SELECTOR = YES;
				GCC_WARN_UNINITIALIZED_AUTOS = YES_AGGRESSIVE;
				GCC_WARN_UNUSED_FUNCTION = YES;
				GCC_WARN_UNUSED_VARIABLE = YES;
				IPHONEOS_DEPLOYMENT_TARGET = 17.2;
				LOCALIZATION_PREFERS_STRING_CATALOGS = YES;
				MTL_ENABLE_DEBUG_INFO = NO;
				MTL_FAST_MATH = YES;
				SDKROOT = iphoneos;
				SWIFT_COMPILATION_MODE = wholemodule;
				VALIDATE_PRODUCT = YES;
			};
			name = Release;
		};
		8DFEC5A42BCD39C9009263FD /* Debug */ = {
			isa = XCBuildConfiguration;
			buildSettings = {
				ASSETCATALOG_COMPILER_APPICON_NAME = AppIcon;
				ASSETCATALOG_COMPILER_GLOBAL_ACCENT_COLOR_NAME = AccentColor;
				CODE_SIGN_STYLE = Automatic;
				CURRENT_PROJECT_VERSION = 1;
				DEVELOPMENT_TEAM = Z6RK7YK6QA;
				GENERATE_INFOPLIST_FILE = YES;
				INFOPLIST_FILE = AnimationTestApp/Info.plist;
				INFOPLIST_KEY_UIApplicationSupportsIndirectInputEvents = YES;
				INFOPLIST_KEY_UILaunchStoryboardName = "Launch Screen.storyboard";
				INFOPLIST_KEY_UISupportedInterfaceOrientations_iPad = "UIInterfaceOrientationPortrait UIInterfaceOrientationPortraitUpsideDown UIInterfaceOrientationLandscapeLeft UIInterfaceOrientationLandscapeRight";
				INFOPLIST_KEY_UISupportedInterfaceOrientations_iPhone = "UIInterfaceOrientationPortrait UIInterfaceOrientationLandscapeLeft UIInterfaceOrientationLandscapeRight";
				LD_RUNPATH_SEARCH_PATHS = (
					"$(inherited)",
					"@executable_path/Frameworks",
				);
				MARKETING_VERSION = 1.0;
				PRODUCT_BUNDLE_IDENTIFIER = com.nastyabeggin.AnimationTestApp;
				PRODUCT_NAME = "$(TARGET_NAME)";
				SWIFT_EMIT_LOC_STRINGS = YES;
				SWIFT_VERSION = 5.0;
				TARGETED_DEVICE_FAMILY = "1,2";
			};
			name = Debug;
		};
		8DFEC5A52BCD39C9009263FD /* Release */ = {
			isa = XCBuildConfiguration;
			buildSettings = {
				ASSETCATALOG_COMPILER_APPICON_NAME = AppIcon;
				ASSETCATALOG_COMPILER_GLOBAL_ACCENT_COLOR_NAME = AccentColor;
				CODE_SIGN_STYLE = Automatic;
				CURRENT_PROJECT_VERSION = 1;
				DEVELOPMENT_TEAM = Z6RK7YK6QA;
				GENERATE_INFOPLIST_FILE = YES;
				INFOPLIST_FILE = AnimationTestApp/Info.plist;
				INFOPLIST_KEY_UIApplicationSupportsIndirectInputEvents = YES;
				INFOPLIST_KEY_UILaunchStoryboardName = "Launch Screen.storyboard";
				INFOPLIST_KEY_UISupportedInterfaceOrientations_iPad = "UIInterfaceOrientationPortrait UIInterfaceOrientationPortraitUpsideDown UIInterfaceOrientationLandscapeLeft UIInterfaceOrientationLandscapeRight";
				INFOPLIST_KEY_UISupportedInterfaceOrientations_iPhone = "UIInterfaceOrientationPortrait UIInterfaceOrientationLandscapeLeft UIInterfaceOrientationLandscapeRight";
				LD_RUNPATH_SEARCH_PATHS = (
					"$(inherited)",
					"@executable_path/Frameworks",
				);
				MARKETING_VERSION = 1.0;
				PRODUCT_BUNDLE_IDENTIFIER = com.nastyabeggin.AnimationTestApp;
				PRODUCT_NAME = "$(TARGET_NAME)";
				SWIFT_EMIT_LOC_STRINGS = YES;
				SWIFT_VERSION = 5.0;
				TARGETED_DEVICE_FAMILY = "1,2";
			};
			name = Release;
		};
		8DFEC5A72BCD39C9009263FD /* Debug */ = {
			isa = XCBuildConfiguration;
			buildSettings = {
				ALWAYS_EMBED_SWIFT_STANDARD_LIBRARIES = YES;
				BUNDLE_LOADER = "$(TEST_HOST)";
				CODE_SIGN_STYLE = Automatic;
				CURRENT_PROJECT_VERSION = 1;
				GENERATE_INFOPLIST_FILE = YES;
				IPHONEOS_DEPLOYMENT_TARGET = 17.2;
				MARKETING_VERSION = 1.0;
				PRODUCT_BUNDLE_IDENTIFIER = com.nastyabeggin.AnimationTestAppTests;
				PRODUCT_NAME = "$(TARGET_NAME)";
				SWIFT_EMIT_LOC_STRINGS = NO;
				SWIFT_VERSION = 5.0;
				TARGETED_DEVICE_FAMILY = "1,2";
				TEST_HOST = "$(BUILT_PRODUCTS_DIR)/AnimationTestApp.app/$(BUNDLE_EXECUTABLE_FOLDER_PATH)/AnimationTestApp";
			};
			name = Debug;
		};
		8DFEC5A82BCD39C9009263FD /* Release */ = {
			isa = XCBuildConfiguration;
			buildSettings = {
				ALWAYS_EMBED_SWIFT_STANDARD_LIBRARIES = YES;
				BUNDLE_LOADER = "$(TEST_HOST)";
				CODE_SIGN_STYLE = Automatic;
				CURRENT_PROJECT_VERSION = 1;
				GENERATE_INFOPLIST_FILE = YES;
				IPHONEOS_DEPLOYMENT_TARGET = 17.2;
				MARKETING_VERSION = 1.0;
				PRODUCT_BUNDLE_IDENTIFIER = com.nastyabeggin.AnimationTestAppTests;
				PRODUCT_NAME = "$(TARGET_NAME)";
				SWIFT_EMIT_LOC_STRINGS = NO;
				SWIFT_VERSION = 5.0;
				TARGETED_DEVICE_FAMILY = "1,2";
				TEST_HOST = "$(BUILT_PRODUCTS_DIR)/AnimationTestApp.app/$(BUNDLE_EXECUTABLE_FOLDER_PATH)/AnimationTestApp";
			};
			name = Release;
		};
		8DFEC5AA2BCD39C9009263FD /* Debug */ = {
			isa = XCBuildConfiguration;
			buildSettings = {
				ALWAYS_EMBED_SWIFT_STANDARD_LIBRARIES = YES;
				CODE_SIGN_STYLE = Automatic;
				CURRENT_PROJECT_VERSION = 1;
				GENERATE_INFOPLIST_FILE = YES;
				MARKETING_VERSION = 1.0;
				PRODUCT_BUNDLE_IDENTIFIER = com.nastyabeggin.AnimationTestAppUITests;
				PRODUCT_NAME = "$(TARGET_NAME)";
				SWIFT_EMIT_LOC_STRINGS = NO;
				SWIFT_VERSION = 5.0;
				TARGETED_DEVICE_FAMILY = "1,2";
				TEST_TARGET_NAME = AnimationTestApp;
			};
			name = Debug;
		};
		8DFEC5AB2BCD39C9009263FD /* Release */ = {
			isa = XCBuildConfiguration;
			buildSettings = {
				ALWAYS_EMBED_SWIFT_STANDARD_LIBRARIES = YES;
				CODE_SIGN_STYLE = Automatic;
				CURRENT_PROJECT_VERSION = 1;
				GENERATE_INFOPLIST_FILE = YES;
				MARKETING_VERSION = 1.0;
				PRODUCT_BUNDLE_IDENTIFIER = com.nastyabeggin.AnimationTestAppUITests;
				PRODUCT_NAME = "$(TARGET_NAME)";
				SWIFT_EMIT_LOC_STRINGS = NO;
				SWIFT_VERSION = 5.0;
				TARGETED_DEVICE_FAMILY = "1,2";
				TEST_TARGET_NAME = AnimationTestApp;
			};
			name = Release;
		};
/* End XCBuildConfiguration section */

/* Begin XCConfigurationList section */
		8DFEC5742BCD39C7009263FD /* Build configuration list for PBXProject "AnimationTestApp" */ = {
			isa = XCConfigurationList;
			buildConfigurations = (
				8DFEC5A12BCD39C9009263FD /* Debug */,
				8DFEC5A22BCD39C9009263FD /* Release */,
			);
			defaultConfigurationIsVisible = 0;
			defaultConfigurationName = Release;
		};
		8DFEC5A32BCD39C9009263FD /* Build configuration list for PBXNativeTarget "AnimationTestApp" */ = {
			isa = XCConfigurationList;
			buildConfigurations = (
				8DFEC5A42BCD39C9009263FD /* Debug */,
				8DFEC5A52BCD39C9009263FD /* Release */,
			);
			defaultConfigurationIsVisible = 0;
			defaultConfigurationName = Release;
		};
		8DFEC5A62BCD39C9009263FD /* Build configuration list for PBXNativeTarget "AnimationTestAppTests" */ = {
			isa = XCConfigurationList;
			buildConfigurations = (
				8DFEC5A72BCD39C9009263FD /* Debug */,
				8DFEC5A82BCD39C9009263FD /* Release */,
			);
			defaultConfigurationIsVisible = 0;
			defaultConfigurationName = Release;
		};
		8DFEC5A92BCD39C9009263FD /* Build configuration list for PBXNativeTarget "AnimationTestAppUITests" */ = {
			isa = XCConfigurationList;
			buildConfigurations = (
				8DFEC5AA2BCD39C9009263FD /* Debug */,
				8DFEC5AB2BCD39C9009263FD /* Release */,
			);
			defaultConfigurationIsVisible = 0;
			defaultConfigurationName = Release;
		};
/* End XCConfigurationList section */
	};
	rootObject = 8DFEC5712BCD39C7009263FD /* Project object */;
}
